
Microsoft Visual Studio Solution File, Format Version 12.00
# Visual Studio Version 17
VisualStudioVersion = 17.0.31512.422
MinimumVisualStudioVersion = 10.0.40219.1
Project("{FAE04EC0-301F-11D3-BF4B-00C04F79EFBC}") = "BlazorBattles.Server", "BlazorBattles\Server\BlazorBattles.Server.csproj", "{82735452-A86B-4970-8694-7C7C6C6B6773}"
EndProject
Project("{FAE04EC0-301F-11D3-BF4B-00C04F79EFBC}") = "BlazorBattles.Client", "BlazorBattles\Client\BlazorBattles.Client.csproj", "{86A2559E-F04D-49BC-B639-AC4A9CED8B64}"
EndProject
Project("{FAE04EC0-301F-11D3-BF4B-00C04F79EFBC}") = "BlazorBattles.Shared", "BlazorBattles\Shared\BlazorBattles.Shared.csproj", "{F43C3D73-3D63-4B55-971E-BAD7709CEBEA}"
EndProject
Global
	GlobalSection(SolutionConfigurationPlatforms) = preSolution
		Debug|Any CPU = Debug|Any CPU
		Release|Any CPU = Release|Any CPU
	EndGlobalSection
	GlobalSection(ProjectConfigurationPlatforms) = postSolution
		{82735452-A86B-4970-8694-7C7C6C6B6773}.Debug|Any CPU.ActiveCfg = Debug|Any CPU
		{82735452-A86B-4970-8694-7C7C6C6B6773}.Debug|Any CPU.Build.0 = Debug|Any CPU
		{82735452-A86B-4970-8694-7C7C6C6B6773}.Release|Any CPU.ActiveCfg = Release|Any CPU
		{82735452-A86B-4970-8694-7C7C6C6B6773}.Release|Any CPU.Build.0 = Release|Any CPU
		{86A2559E-F04D-49BC-B639-AC4A9CED8B64}.Debug|Any CPU.ActiveCfg = Debug|Any CPU
		{86A2559E-F04D-49BC-B639-AC4A9CED8B64}.Debug|Any CPU.Build.0 = Debug|Any CPU
		{86A2559E-F04D-49BC-B639-AC4A9CED8B64}.Release|Any CPU.ActiveCfg = Release|Any CPU
		{86A2559E-F04D-49BC-B639-AC4A9CED8B64}.Release|Any CPU.Build.0 = Release|Any CPU
		{F43C3D73-3D63-4B55-971E-BAD7709CEBEA}.Debug|Any CPU.ActiveCfg = Debug|Any CPU
		{F43C3D73-3D63-4B55-971E-BAD7709CEBEA}.Debug|Any CPU.Build.0 = Debug|Any CPU
		{F43C3D73-3D63-4B55-971E-BAD7709CEBEA}.Release|Any CPU.ActiveCfg = Release|Any CPU
		{F43C3D73-3D63-4B55-971E-BAD7709CEBEA}.Release|Any CPU.Build.0 = Release|Any CPU
	EndGlobalSection
	GlobalSection(SolutionProperties) = preSolution
		HideSolutionNode = FALSE
	EndGlobalSection
	GlobalSection(ExtensibilityGlobals) = postSolution
		SolutionGuid = {3C626D70-78F2-4E1F-AC82-4F4B0AF12FE1}
	EndGlobalSection
EndGlobal
